
Microsoft Visual Studio Solution File, Format Version 12.00
# Visual Studio Version 17
VisualStudioVersion = 17.5.33627.172
MinimumVisualStudioVersion = 10.0.40219.1
Project("{9A19103F-16F7-4668-BE54-9A1E7A4F7556}") = "WebApi", "WebApi.csproj", "{43E74011-D1FB-4CAA-8678-4EC0C1DF7D42}"
EndProject
Global
	GlobalSection(SolutionConfigurationPlatforms) = preSolution
		Debug|Any CPU = Debug|Any CPU
		Release|Any CPU = Release|Any CPU
	EndGlobalSection
	GlobalSection(ProjectConfigurationPlatforms) = postSolution
		{43E74011-D1FB-4CAA-8678-4EC0C1DF7D42}.Debug|Any CPU.ActiveCfg = Debug|Any CPU
		{43E74011-D1FB-4CAA-8678-4EC0C1DF7D42}.Debug|Any CPU.Build.0 = Debug|Any CPU
		{43E74011-D1FB-4CAA-8678-4EC0C1DF7D42}.Release|Any CPU.ActiveCfg = Release|Any CPU
		{43E74011-D1FB-4CAA-8678-4EC0C1DF7D42}.Release|Any CPU.Build.0 = Release|Any CPU
	EndGlobalSection
	GlobalSection(SolutionProperties) = preSolution
		HideSolutionNode = FALSE
	EndGlobalSection
	GlobalSection(ExtensibilityGlobals) = postSolution
		SolutionGuid = {BD119340-9A61-4323-83AE-D85CBF204D5F}
	EndGlobalSection
EndGlobal
